
Microsoft Visual Studio Solution File, Format Version 12.00
# Visual Studio Version 16
VisualStudioVersion = 16.0.33027.164
MinimumVisualStudioVersion = 10.0.40219.1
Project("{FAE04EC0-301F-11D3-BF4B-00C04F79EFBC}") = "MagazadbMVC", "MagazadbMVC\MagazadbMVC.csproj", "{DDE4F90E-3AAC-4684-AA87-6832EA9AAFEB}"
EndProject
Global
	GlobalSection(SolutionConfigurationPlatforms) = preSolution
		Debug|Any CPU = Debug|Any CPU
		Release|Any CPU = Release|Any CPU
	EndGlobalSection
	GlobalSection(ProjectConfigurationPlatforms) = postSolution
		{DDE4F90E-3AAC-4684-AA87-6832EA9AAFEB}.Debug|Any CPU.ActiveCfg = Debug|Any CPU
		{DDE4F90E-3AAC-4684-AA87-6832EA9AAFEB}.Debug|Any CPU.Build.0 = Debug|Any CPU
		{DDE4F90E-3AAC-4684-AA87-6832EA9AAFEB}.Release|Any CPU.ActiveCfg = Release|Any CPU
		{DDE4F90E-3AAC-4684-AA87-6832EA9AAFEB}.Release|Any CPU.Build.0 = Release|Any CPU
	EndGlobalSection
	GlobalSection(SolutionProperties) = preSolution
		HideSolutionNode = FALSE
	EndGlobalSection
	GlobalSection(ExtensibilityGlobals) = postSolution
		SolutionGuid = {B33329F5-F542-492A-999F-443FEBF9129B}
	EndGlobalSection
EndGlobal
